<?xml version="1.0" encoding="utf-8"?>
<Project ToolsVersion="4.0" xmlns="http://schemas.microsoft.com/developer/msbuild/2003">
  <ItemGroup>
    <ClCompile Include="M\lowerLayer\Scene\SceneController\AxisModel\AxisModel.cpp" />
    <ClCompile Include="M\lowerLayer\engineCore\Mesh\allMesh\MeshForPostEffect\MeshForPostEffect.cpp" />
    <ClCompile Include="M\lowerLayer\MobilePrimitive\Sprite\Atlas.cpp" />
    <ClCompile Include="M\lowerLayer\Collision\Shape\Circle.cpp" />
    <ClCompile Include="M\utilities\Json\Json.cpp" />
    <ClCompile Include="M\lowerLayer\engineCore\Mesh\allMesh\LineMesh\LineMesh.cpp" />
    <ClCompile Include="M\lowerLayer\Camera\DebugCamera\DebugCamera.cpp" />
    <ClCompile Include="external\imgui\imgui.cpp" />
    <ClCompile Include="external\imgui\imgui_demo.cpp" />
    <ClCompile Include="external\imgui\imgui_draw.cpp" />
    <ClCompile Include="external\imgui\imgui_impl_dx12.cpp" />
    <ClCompile Include="external\imgui\imgui_impl_win32.cpp" />
    <ClCompile Include="external\imgui\imgui_tables.cpp" />
    <ClCompile Include="external\imgui\imgui_widgets.cpp" />
    <ClCompile Include="M\lowerLayer\Collision\CollisionDetection\CollisionDetection.cpp" />
    <ClCompile Include="M\lowerLayer\GameObjectManager\GameObjectManager.cpp" />
    <ClCompile Include="M\lowerLayer\engineCore\Input\KeyboardKeys\KeyboardKeys.cpp" />
    <ClCompile Include="M\lowerLayer\engineCore\Light\LightManager\LightManager.cpp" />
    <ClCompile Include="M\lowerLayer\engineCore\Buffer\constantBuffer\CameraParaBuffer\CameraParameterSetter\CameraParameterSetter.cpp" />
    <ClCompile Include="M\lowerLayer\Camera\CameraController\CameraController.cpp" />
    <ClCompile Include="M\lowerLayer\engineCore\Buffer\constantBuffer\CameraParaBuffer\CameraParaBuffer.cpp" />
    <ClCompile Include="M\lowerLayer\engineCore\Light\LightCreator\LightCreator.cpp" />
    <ClCompile Include="M\lowerLayer\engineCore\Buffer\constantBuffer\DirectionalLightBuffer\DirectionalLightBuffer.cpp" />
    <ClCompile Include="M\lowerLayer\engineCore\Light\DirectionalLight\DirectionalLight.cpp" />
    <ClCompile Include="M\lowerLayer\engineCore\Light\LightBehavior.cpp" />
    <ClCompile Include="M\lowerLayer\Model\FromFile\ModelBehavior.cpp" />
    <ClCompile Include="M\lowerLayer\engineCore\Mesh\MeshCreator\MeshCreator.cpp" />
    <ClCompile Include="M\lowerLayer\engineCore\Mesh\allMesh\MeshForModel\ModelSimple\ModelSimple.cpp" />
    <ClCompile Include="M\lowerLayer\engineCore\Buffer\IndexBuffer\IndexBuffer.cpp" />
    <ClCompile Include="M\lowerLayer\engineCore\Mesh\meshStructure\ModelData\ModelData.cpp" />
    <ClCompile Include="M\lowerLayer\engineCore\Mesh\MeshCreator\MeshLoader\MeshLoader.cpp" />
    <ClCompile Include="M\lowerLayer\engineCore\FPSControll\FPSController.cpp" />
    <ClCompile Include="M\lowerLayer\engineCore\Input\InputInterface\InputInterface.cpp" />
    <ClCompile Include="M\lowerLayer\GameObject\GameObjectBehavior.cpp" />
    <ClCompile Include="M\lowerLayer\engineCore\Mesh\allMesh\MeshForModel\MeshForModelCommon.cpp" />
    <ClCompile Include="M\lowerLayer\engineCore\Audio\AudioHandle.cpp" />
    <ClCompile Include="M\lowerLayer\engineCore\Audio\AudioManager.cpp" />
    <ClCompile Include="M\lowerLayer\engineCore\Audio\AudioPlayer.cpp" />
    <ClCompile Include="M\lowerLayer\engineCore\Audio\MediaAudioDecoder.cpp" />
    <ClCompile Include="M\lowerLayer\engineCore\Mesh\allMesh\ParticleMesh2D\ParticleMesh2DCommon.cpp" />
    <ClCompile Include="M\lowerLayer\engineCore\Mesh\allMesh\ParticleMesh2D\TestParticleMesh\TestParticleMesh.cpp" />
    <ClCompile Include="M\lowerLayer\Scene\SampleScene\SampleSceneConstructor.cpp" />
    <ClCompile Include="M\lowerLayer\Scene\SceneController\GuiCollecter\GuiCollecter.cpp" />
    <ClCompile Include="M\lowerLayer\engineCore\Render\Appearance\Appearance.cpp" />
    <ClCompile Include="M\lowerLayer\MobilePrimitive\MobileQuad\MQuad\MQuad.cpp" />
    <ClCompile Include="M\lowerLayer\MobilePrimitive\MobileQuad\MobileQuadBehavior.cpp" />
    <ClCompile Include="M\lowerLayer\Camera\CameraBehavior.cpp" />
    <ClCompile Include="M\lowerLayer\engineCore\Render\ExclusiveDraw\ExclusiveDraw.cpp" />
    <ClCompile Include="M\lowerLayer\MobilePrimitive\MobileTriangle\MobileTriangleBehavior.cpp" />
    <ClCompile Include="M\lowerLayer\MobilePrimitive\MobileBehavior.cpp" />
    <ClCompile Include="M\utilities\ConvertToRadian\ConvertToRadian.cpp" />
    <ClCompile Include="M\lowerLayer\M.cpp" />
    <ClCompile Include="M\utilities\convertString\convertString.cpp" />
    <ClCompile Include="M\lowerLayer\engineCore\Mesh\allMesh\allMesh.cpp" />
    <ClCompile Include="M\lowerLayer\engineCore\Buffer\gpuResources\Resource\depthBuffer\depthBuffer.cpp" />
    <ClCompile Include="M\lowerLayer\engineCore\Buffer\constantBuffer\MaterialBuffer\MaterialBuffer.cpp" />
    <ClCompile Include="M\lowerLayer\engineCore\PSO\pipelineCreators\depthStencilDescCreator\depthStencilDescCreator.cpp" />
    <ClCompile Include="M\lowerLayer\engineCore\PSO\pipelineCreators\blendDescCreator\blendDescCreator.cpp" />
    <ClCompile Include="M\lowerLayer\engineCore\PSO\pipelineCreators\inputLayoutDescCreator\inputLayoutDescCreator.cpp" />
    <ClCompile Include="M\lowerLayer\engineCore\Buffer\constantBuffer\bufferAndMap.cpp" />
    <ClCompile Include="M\lowerLayer\engineCore\Mesh\allMesh\primitiveMeshes\PrimitiveMeshCommon.cpp" />
    <ClCompile Include="M\lowerLayer\engineCore\Mesh\meshStructure\materialForLine\MaterialForLine.cpp" />
    <ClCompile Include="M\lowerLayer\engineCore\PSO\allPipelineSet.cpp" />
    <ClCompile Include="M\lowerLayer\engineCore\DescriptorHeap\dsvDescriptorHeap\dsvDescriptorHeap.cpp" />
    <ClCompile Include="M\lowerLayer\engineCore\DescriptorHeap\descriptorHeapBehavior.cpp" />
    <ClCompile Include="M\commonVariables.cpp" />
    <ClCompile Include="main.cpp" />
    <ClCompile Include="M\lowerLayer\engineCore\VpShader\shaderData\pixelShaderData\pixelShaderData.cpp" />
    <ClCompile Include="M\lowerLayer\engineCore\VpShader\shaderData\vertexShaderData\vertexShaderData.cpp" />
    <ClCompile Include="M\lowerLayer\engineCore\Essential\BarrierControl\BarrierControl.cpp" />
    <ClCompile Include="M\lowerLayer\engineCore\Essential\CommandControl\CommandControl.cpp" />
    <ClCompile Include="M\lowerLayer\engineCore\Essential\deviceSetUp\deviceSetUp.cpp" />
    <ClCompile Include="M\lowerLayer\engineCore\Essential\dxCompile\dxCompile.cpp" />
    <ClCompile Include="M\lowerLayer\engineCore\Essential\FenceControl\FenceControl.cpp" />
    <ClCompile Include="M\lowerLayer\engineCore\Buffer\gpuResourcesBehavior.cpp" />
    <ClCompile Include="M\lowerLayer\engineCore\Buffer\gpuResources\Resource\colorBuffer\colorBuffer.cpp" />
    <ClCompile Include="M\lowerLayer\engineCore\Essential\leakChecker\leakChecker.cpp" />
    <ClCompile Include="M\lowerLayer\engineCore\Essential\logAndException\detectException.cpp" />
    <ClCompile Include="M\lowerLayer\engineCore\Essential\logAndException\outputDebugLog.cpp" />
    <ClCompile Include="M\lowerLayer\engineCore\PSO\pipelineSet\pipelineSet.cpp" />
    <ClCompile Include="M\lowerLayer\engineCore\Mesh\meshStructure\material\material.cpp" />
    <ClCompile Include="M\lowerLayer\engineCore\Essential\SwapChainControl\SwapChainControl.cpp" />
    <ClCompile Include="M\lowerLayer\engineCore\Mesh\meshStructure\Vertex\Vertex.cpp" />
    <ClCompile Include="M\lowerLayer\engineCore\VpShader\vpShaderTable\vpShaderTable.cpp" />
    <ClCompile Include="M\lowerLayer\math\matrix\matrix.cpp" />
    <ClCompile Include="M\lowerLayer\math\vector\vector.cpp" />
    <ClCompile Include="M\utilities\Counter\Counter.cpp" />
    <ClCompile Include="M\utilities\Easing\EasingFunctions.cpp" />
    <ClCompile Include="M\utilities\vectorAndMatrix\vectorAndMatrix.cpp" />
    <ClCompile Include="M\lowerLayer\engineCore\WinApp.cpp" />
    <ClCompile Include="M\lowerLayer\engineCore\DescriptorHeap\rtvDescriptorHeap\rtvDescriptorHeap.cpp" />
    <ClCompile Include="M\lowerLayer\engineCore\DescriptorHeap\srvDescriptorHeap\srvDescriptorHeap.cpp" />
    <ClCompile Include="M\lowerLayer\engineCore\VpShader\vpShaders.cpp" />
    <ClCompile Include="M\lowerLayer\engineCore\Mesh\meshStructure\VertexForLine\VertexForLine.cpp" />
    <ClCompile Include="M\lowerLayer\engineCore\PSO\pipelineCreators\rootSignatureCreator\rootSignatureCreator.cpp" />
    <ClCompile Include="M\lowerLayer\engineCore\PSO\pipelineCreators\pipelineCreators.cpp" />
    <ClCompile Include="M\lowerLayer\engineCore\PSO\pipelineCreators\pipelineComponents.cpp" />
    <ClCompile Include="M\lowerLayer\engineCore\PSO\pipelineCreators\rasterizerDescCreator\rasterizerDescCreator.cpp" />
    <ClCompile Include="M\lowerLayer\engineCore\VpShader\shaderData\shaderDataBehavior.cpp" />
    <ClCompile Include="M\lowerLayer\engineCore\Buffer\constantBuffer\MatrixBuffer\MatrixBuffer.cpp" />
    <ClCompile Include="M\lowerLayer\engineCore\Mesh\allMesh\primitiveMeshes\triangleMesh\triangleMesh.cpp" />
    <ClCompile Include="M\lowerLayer\engineCore\Mesh\allMesh\primitiveMeshes\quadMesh\quadMesh.cpp" />
    <ClCompile Include="M\lowerLayer\engineCore\textureDataManager\textureDataManager.cpp" />
    <ClCompile Include="M\lowerLayer\engineCore\Buffer\gpuResources\Resource\shaderBuffer\shaderBuffer.cpp" />
    <ClCompile Include="M\lowerLayer\ResourceContainer\ResourceContainer.cpp" />
    <ClCompile Include="M\utilities\Transform\Transform.cpp" />
    <ClCompile Include="M\utilities\Quaternion\Quaternion.cpp" />
    <ClCompile Include="M\utilities\UVTransform\UVTransform.cpp" />
    <ClCompile Include="M\lowerLayer\MobilePrimitive\MobileTriangle\MTriangle\MTriangle.cpp" />
    <ClCompile Include="M\lowerLayer\Camera\NormalCamera\NormalCamera.cpp" />
    <ClCompile Include="M\lowerLayer\Scene\SceneBehavior\SceneBehavior.cpp" />
    <ClCompile Include="M\lowerLayer\Scene\SceneController\SceneController.cpp" />
    <ClCompile Include="M\lowerLayer\Scene\SceneController\RunSpeedChanger\RunSpeedChanger.cpp" />
    <ClCompile Include="M\lowerLayer\Scene\SampleScene\SampleScene.cpp" />
    <ClCompile Include="M\lowerLayer\engineCore\Buffer\gpuResources\Data\ShaderBufferData\ShaderBufferData.cpp" />
    <ClCompile Include="M\lowerLayer\engineCore\Buffer\gpuResources\Creator\SrvCreator\ParticleMeshSrvCreator\ParticleMeshSrvCreator.cpp" />
    <ClCompile Include="M\lowerLayer\engineCore\Mesh\meshStructure\TransformMatrix\TransformMatrix.cpp" />
    <ClCompile Include="M\lowerLayer\engineCore\Buffer\constantBuffer\TransformMatrixBuffer\TransformMatrixBuffer.cpp" />
    <ClCompile Include="M\lowerLayer\engineCore\Buffer\gpuResources\Creator\SrvCreator\SrvCreatorBehavior.cpp" />
    <ClCompile Include="M\lowerLayer\engineCore\Buffer\gpuResources\Creator\SrvCreator\TextureSrCreator\TextureSrCreator.cpp" />
    <ClCompile Include="M\lowerLayer\engineCore\Buffer\gpuResources\Creator\SrvCreator\SrvCreator.cpp" />
    <ClCompile Include="M\lowerLayer\engineCore\Buffer\StructuredBuffer\StructuredBufferAndMap.cpp" />
    <ClCompile Include="M\lowerLayer\engineCore\Buffer\StructuredBuffer\TransformMatrixStructuredBuffer\TransformMatrixStructuredBuffer.cpp" />
    <ClCompile Include="M\lowerLayer\GameObject\Sample\SamplePlayer\SamplePlayer.cpp" />
    <ClCompile Include="M\lowerLayer\GameObject\Sample\SampleEnemy\SampleEnemy.cpp" />
    <ClCompile Include="M\lowerLayer\engineCore\Buffer\VertexBuffer\VertexBuffer.cpp" />
    <ClCompile Include="M\lowerLayer\Model\FromFile\SampleModel\SampleModel.cpp" />
    <ClCompile Include="M\lowerLayer\GameObject\Sample\SampleObj\SampleObj.cpp" />
    <ClCompile Include="M\lowerLayer\Model\FromFile\SampleModel2\SampleModel2.cpp" />
    <ClCompile Include="M\lowerLayer\engineCore\Light\PointLight\PointLight.cpp" />
    <ClCompile Include="M\lowerLayer\engineCore\Buffer\constantBuffer\PointLightBuffer\PointLightBuffer.cpp" />
    <ClCompile Include="M\lowerLayer\engineCore\Buffer\StructuredBuffer\PointLightStructuredBuffer\PointLightStructuredBuffer.cpp" />
    <ClCompile Include="M\lowerLayer\engineCore\Buffer\gpuResources\Creator\SrvCreator\StructuredBufferSrvCreator\StructuredBufferSrvCreator.cpp" />
    <ClCompile Include="M\lowerLayer\Collision\Shape\Rect.cpp" />
    <ClCompile Include="M\lowerLayer\Scene\SceneController\UglyGrid\UglyGrid.cpp" />
    <ClCompile Include="M\lowerLayer\MobilePrimitive\Sprite\Sprite.cpp" />
    <ClCompile Include="M\lowerLayer\engineCore\Buffer\PostEffectBuffer\PostEffectBuffer.cpp" />
    <ClCompile Include="M\lowerLayer\engineCore\Buffer\gpuResources\Creator\SrvCreator\PostEffectSrCreator\PostEffectSrCreator.cpp" />
    <ClCompile Include="M\lowerLayer\engineCore\Render\OffScreenManager\OffScreenManager.cpp" />
    <ClCompile Include="M\lowerLayer\engineCore\Render\OffScreenManager\PostEffects\PostEffects.cpp" />
    <ClCompile Include="M\lowerLayer\engineCore\Light\RectLight\RectLight.cpp" />
    <ClCompile Include="M\lowerLayer\engineCore\Buffer\StructuredBuffer\RectLightStructuredBuffer\RectLightStructuredBuffer.cpp" />
    <ClCompile Include="M\lowerLayer\engineCore\Render\Palette\Palette.cpp" />
    <ClCompile Include="M\lowerLayer\engineCore\Render\OriginalScreen\OriginalScreen.cpp" />
    <ClCompile Include="M\lowerLayer\engineCore\Buffer\constantBuffer\SimpleNeonLikeBuffer\SimpleNeonLikeBuffer.cpp" />
    <ClCompile Include="M\lowerLayer\engineCore\Buffer\constantBuffer\Time\TimeConstBuffer.cpp" />
    <ClCompile Include="external\xaudio_player_mf.cpp" />
    <ClCompile Include="M\lowerLayer\Scene\ModelScene\ModelScene.cpp" />
    <ClCompile Include="M\lowerLayer\Scene\ModelScene\AAA\BlockModel.cpp" />
    <ClCompile Include="M\lowerLayer\Scene\ModelScene\AAA\AAA.cpp" />
    <ClCompile Include="M\lowerLayer\engineCore\Buffer\constantBuffer\EnviornmentBuffer\EnviornmentBuffer.cpp" />
    <ClCompile Include="M\lowerLayer\engineCore\Buffer\constantBuffer\GaussianBlurBuffer\GaussianBlurBuffer.cpp" />
    <ClCompile Include="M\lowerLayer\engineCore\Buffer\constantBuffer\CameraViewMat\CameraViewMat.cpp" />
    <ClCompile Include="M\lowerLayer\engineCore\TestMeshShader.cpp" />
    <ClCompile Include="M\lowerLayer\engineCore\Buffer\StructuredBuffer\IndexStructuredBuffer\IndexStructuredBuffer.cpp" />
    <ClCompile Include="M\lowerLayer\engineCore\Buffer\StructuredBuffer\VertexStructuredBuffer\VertexStructuredBuffer.cpp" />
    <ClCompile Include="M\lowerLayer\engineCore\Mesh\meshStructure\ModelData\ResMeshlet.cpp" />
    <ClCompile Include="external\MeshOptimizer\allocator.cpp" />
    <ClCompile Include="external\MeshOptimizer\clusterizer.cpp" />
    <ClCompile Include="external\MeshOptimizer\indexanalyzer.cpp" />
    <ClCompile Include="external\MeshOptimizer\indexcodec.cpp" />
    <ClCompile Include="external\MeshOptimizer\indexgenerator.cpp" />
    <ClCompile Include="external\MeshOptimizer\meshletcodec.cpp" />
    <ClCompile Include="external\MeshOptimizer\meshletutils.cpp" />
    <ClCompile Include="external\MeshOptimizer\opacitymap.cpp" />
    <ClCompile Include="external\MeshOptimizer\overdrawoptimizer.cpp" />
    <ClCompile Include="external\MeshOptimizer\partition.cpp" />
    <ClCompile Include="external\MeshOptimizer\quantization.cpp" />
    <ClCompile Include="external\MeshOptimizer\rasterizer.cpp" />
    <ClCompile Include="external\MeshOptimizer\simplifier.cpp" />
    <ClCompile Include="external\MeshOptimizer\spatialorder.cpp" />
    <ClCompile Include="external\MeshOptimizer\stripifier.cpp" />
    <ClCompile Include="external\MeshOptimizer\tangentspace.cpp" />
    <ClCompile Include="external\MeshOptimizer\vcacheoptimizer.cpp" />
    <ClCompile Include="external\MeshOptimizer\vertexcodec.cpp" />
    <ClCompile Include="external\MeshOptimizer\vertexfilter.cpp" />
    <ClCompile Include="external\MeshOptimizer\vfetchoptimizer.cpp" />
    <ClCompile Include="M\lowerLayer\engineCore\Buffer\StructuredBuffer\UniqueverdexIndexSBuffer\UniqueverdexIndexSBuffer.cpp" />
  </ItemGroup>
  <ItemGroup>
    <ClInclude Include="M\lowerLayer\Scene\SceneController\AxisModel\AxisModel.h" />
    <ClInclude Include="M\lowerLayer\engineCore\Mesh\allMesh\MeshForPostEffect\MeshForPostEffect.h" />
    <ClInclude Include="M\lowerLayer\MobilePrimitive\Sprite\Atlas.h" />
    <ClInclude Include="M\lowerLayer\Collision\Shape\Circle.h" />
    <ClInclude Include="M\utilities\Json\Json.h" />
    <ClInclude Include="M\lowerLayer\engineCore\Mesh\allMesh\LineMesh\LineMesh.h" />
    <ClInclude Include="M\lowerLayer\Camera\DebugCamera\DebugCamera.h" />
    <ClInclude Include="external\imgui\imconfig.h" />
    <ClInclude Include="external\imgui\imgui.h" />
    <ClInclude Include="external\imgui\imgui_impl_dx12.h" />
    <ClInclude Include="external\imgui\imgui_impl_win32.h" />
    <ClInclude Include="external\imgui\imgui_internal.h" />
    <ClInclude Include="external\imgui\imstb_rectpack.h" />
    <ClInclude Include="external\imgui\imstb_textedit.h" />
    <ClInclude Include="external\imgui\imstb_truetype.h" />
    <ClInclude Include="M\lowerLayer\Collision\CollisionDetection\CollisionDetection.h" />
    <ClInclude Include="M\lowerLayer\GameObjectManager\GameObjectManager.h" />
    <ClInclude Include="M\lowerLayer\engineCore\Input\KeyboardKeys\KeyboardKeys.h" />
    <ClInclude Include="M\lowerLayer\engineCore\Light\LightManager\LightManager.h" />
    <ClInclude Include="M\lowerLayer\engineCore\Buffer\constantBuffer\CameraParaBuffer\CameraParameterSetter\CameraParameterSetter.h" />
    <ClInclude Include="M\lowerLayer\Camera\CameraController\CameraController.h" />
    <ClInclude Include="M\lowerLayer\engineCore\Buffer\constantBuffer\CameraParaBuffer\CameraParaBuffer.h" />
    <ClInclude Include="M\lowerLayer\engineCore\Light\LightCreator\LightCreator.h" />
    <ClInclude Include="M\lowerLayer\engineCore\Buffer\constantBuffer\DirectionalLightBuffer\DirectionalLightBuffer.h" />
    <ClInclude Include="M\lowerLayer\engineCore\Light\DirectionalLight\DirectionalLight.h" />
    <ClInclude Include="M\lowerLayer\engineCore\Light\LightBehavior.h" />
    <ClInclude Include="M\lowerLayer\Model\FromFile\ModelBehavior.h" />
    <ClInclude Include="M\lowerLayer\engineCore\Mesh\MeshCreator\MeshCreator.h" />
    <ClInclude Include="M\lowerLayer\engineCore\Mesh\allMesh\MeshForModel\ModelSimple\ModelSimple.h" />
    <ClInclude Include="M\lowerLayer\engineCore\Buffer\IndexBuffer\IndexBuffer.h" />
    <ClInclude Include="M\lowerLayer\engineCore\Mesh\meshStructure\ModelData\ModelData.h" />
    <ClInclude Include="M\lowerLayer\engineCore\Mesh\MeshCreator\MeshLoader\MeshLoader.h" />
    <ClInclude Include="M\lowerLayer\engineCore\FPSControll\FPSController.h" />
    <ClInclude Include="M\lowerLayer\engineCore\Input\InputInterface\InputInterface.h" />
    <ClInclude Include="M\lowerLayer\GameObject\GameObjectBehavior.h" />
    <ClInclude Include="M\lowerLayer\engineCore\Mesh\allMesh\MeshForModel\MeshForModelCommon.h" />
    <ClInclude Include="M\lowerLayer\engineCore\Audio\AudioHandle.h" />
    <ClInclude Include="M\lowerLayer\engineCore\Audio\AudioManager.h" />
    <ClInclude Include="M\lowerLayer\engineCore\Audio\AudioPlayer.h" />
    <ClInclude Include="M\lowerLayer\engineCore\Audio\MediaAudioDecoder.h" />
    <ClInclude Include="M\lowerLayer\engineCore\Mesh\allMesh\ParticleMesh2D\ParticleMesh2DCommon.h" />
    <ClInclude Include="M\lowerLayer\engineCore\Mesh\allMesh\ParticleMesh2D\TestParticleMesh\TestParticleMesh.h" />
    <ClInclude Include="M\lowerLayer\Scene\FwdScenes.h" />
    <ClInclude Include="M\lowerLayer\Scene\SceneController\GuiCollecter\GuiCollecter.h" />
    <ClInclude Include="M\lowerLayer\engineCore\Render\Appearance\Appearance.h" />
    <ClInclude Include="M\lowerLayer\MobilePrimitive\MobileQuad\MQuad\MQuad.h" />
    <ClInclude Include="M\lowerLayer\MobilePrimitive\MobileQuad\MobileQuadBehavior.h" />
    <ClInclude Include="M\lowerLayer\Camera\CameraBehavior.h" />
    <ClInclude Include="M\lowerLayer\engineCore\Render\ExclusiveDraw\ExclusiveDraw.h" />
    <ClInclude Include="M\lowerLayer\MobilePrimitive\MobileTriangle\MobileTriangleBehavior.h" />
    <ClInclude Include="M\lowerLayer\MobilePrimitive\MobileBehavior.h" />
    <ClInclude Include="M\utilities\ConvertToRadian\ConvertToRadian.h" />
    <ClInclude Include="M\lowerLayer\M.h" />
    <ClInclude Include="M\utilities\convertString\convertString.h" />
    <ClInclude Include="M\lowerLayer\engineCore\Mesh\allMesh\allMesh.h" />
    <ClInclude Include="M\lowerLayer\engineCore\Buffer\gpuResources\Resource\depthBuffer\depthBuffer.h" />
    <ClInclude Include="M\lowerLayer\engineCore\Buffer\constantBuffer\MaterialBuffer\MaterialBuffer.h" />
    <ClInclude Include="M\lowerLayer\engineCore\PSO\pipelineCreators\depthStencilDescCreator\depthStencilDescCreator.h" />
    <ClInclude Include="M\lowerLayer\engineCore\PSO\pipelineCreators\blendDescCreator\blendDescCreator.h" />
    <ClInclude Include="M\lowerLayer\engineCore\PSO\pipelineCreators\inputLayoutDescCreator\inputLayoutDescCreator.h" />
    <ClInclude Include="M\lowerLayer\engineCore\Buffer\constantBuffer\bufferAndMap.h" />
    <ClInclude Include="M\lowerLayer\engineCore\Mesh\allMesh\primitiveMeshes\PrimitiveMeshCommon.h" />
    <ClInclude Include="M\lowerLayer\engineCore\Mesh\meshStructure\materialForLine\MaterialForLine.h" />
    <ClInclude Include="M\lowerLayer\engineCore\PSO\allPipelineSet.h" />
    <ClInclude Include="M\lowerLayer\engineCore\DescriptorHeap\dsvDescriptorHeap\dsvDescriptorHeap.h" />
    <ClInclude Include="M\lowerLayer\engineCore\DescriptorHeap\descriptorHeapBehavior.h" />
    <ClInclude Include="M\commonVariables.h" />
    <ClInclude Include="M\lowerLayer\engineCore\VpShader\shaderData\pixelShaderData\pixelShaderData.h" />
    <ClInclude Include="M\lowerLayer\engineCore\VpShader\shaderData\vertexShaderData\vertexShaderData.h" />
    <ClInclude Include="M\lowerLayer\engineCore\Essential\BarrierControl\BarrierControl.h" />
    <ClInclude Include="M\lowerLayer\engineCore\Essential\CommandControl\CommandControl.h" />
    <ClInclude Include="M\lowerLayer\engineCore\Essential\deviceSetUp\deviceSetUp.h" />
    <ClInclude Include="M\lowerLayer\engineCore\Essential\dxCompile\dxCompile.h" />
    <ClInclude Include="M\lowerLayer\engineCore\Essential\FenceControl\FenceControl.h" />
    <ClInclude Include="M\lowerLayer\engineCore\Buffer\gpuResourcesBehavior.h" />
    <ClInclude Include="M\lowerLayer\engineCore\Buffer\gpuResources\Resource\colorBuffer\colorBuffer.h" />
    <ClInclude Include="M\lowerLayer\engineCore\Essential\leakChecker\leakChecker.h" />
    <ClInclude Include="M\lowerLayer\engineCore\Essential\logAndException\detectException.h" />
    <ClInclude Include="M\lowerLayer\engineCore\Essential\logAndException\outputDebugLog.h" />
    <ClInclude Include="M\lowerLayer\engineCore\PSO\pipelineSet\pipelineSet.h" />
    <ClInclude Include="M\lowerLayer\engineCore\Mesh\meshStructure\material\material.h" />
    <ClInclude Include="M\lowerLayer\engineCore\Essential\SwapChainControl\SwapChainControl.h" />
    <ClInclude Include="M\lowerLayer\engineCore\Mesh\meshStructure\Vertex\Vertex.h" />
    <ClInclude Include="M\lowerLayer\engineCore\VpShader\vpShaderTable\vpShaderTable.h" />
    <ClInclude Include="M\lowerLayer\math\matrix\matrix.h" />
    <ClInclude Include="M\lowerLayer\math\vector\vector.h" />
    <ClInclude Include="M\utilities\benriTemplateFunc\benriTempFunc.h" />
    <ClInclude Include="M\utilities\Counter\Counter.h" />
    <ClInclude Include="M\utilities\Easing\EasingFunctions.h" />
    <ClInclude Include="M\utilities\vectorAndMatrix\vectorAndMatrix.h" />
    <ClInclude Include="M\lowerLayer\engineCore\WinApp.h" />
    <ClInclude Include="M\lowerLayer\engineCore\DescriptorHeap\rtvDescriptorHeap\rtvDescriptorHeap.h" />
    <ClInclude Include="M\lowerLayer\engineCore\DescriptorHeap\srvDescriptorHeap\srvDescriptorHeap.h" />
    <ClInclude Include="M\lowerLayer\engineCore\VpShader\vpShaders.h" />
    <ClInclude Include="M\lowerLayer\engineCore\Mesh\meshStructure\VertexForLine\VertexForLine.h" />
    <ClInclude Include="M\lowerLayer\engineCore\PSO\pipelineCreators\rootSignatureCreator\rootSignatureCreator.h" />
    <ClInclude Include="M\lowerLayer\engineCore\PSO\pipelineCreators\pipelineCreators.h" />
    <ClInclude Include="M\lowerLayer\engineCore\PSO\pipelineCreators\pipelineComponents.h" />
    <ClInclude Include="M\lowerLayer\engineCore\PSO\pipelineCreators\rasterizerDescCreator\rasterizerDescCreator.h" />
    <ClInclude Include="M\lowerLayer\engineCore\VpShader\shaderData\shaderDataBehavior.h" />
    <ClInclude Include="M\lowerLayer\engineCore\Buffer\constantBuffer\MatrixBuffer\MatrixBuffer.h" />
    <ClInclude Include="M\lowerLayer\engineCore\Mesh\allMesh\primitiveMeshes\triangleMesh\triangleMesh.h" />
    <ClInclude Include="M\lowerLayer\engineCore\Mesh\allMesh\primitiveMeshes\quadMesh\quadMesh.h" />
    <ClInclude Include="M\lowerLayer\engineCore\textureDataManager\textureDataManager.h" />
    <ClInclude Include="M\lowerLayer\engineCore\Buffer\gpuResources\Resource\shaderBuffer\shaderBuffer.h" />
    <ClInclude Include="M\lowerLayer\ResourceContainer\ResourceContainer.h" />
    <ClInclude Include="M\utilities\Transform\Transform.h" />
    <ClInclude Include="M\utilities\Quaternion\Quaternion.h" />
    <ClInclude Include="M\utilities\UVTransform\UVTransform.h" />
    <ClInclude Include="M\lowerLayer\MobilePrimitive\MobileTriangle\MTriangle\MTriangle.h" />
    <ClInclude Include="M\lowerLayer\Camera\NormalCamera\NormalCamera.h" />
    <ClInclude Include="M\lowerLayer\Scene\SceneBehavior\SceneBehavior.h" />
    <ClInclude Include="M\lowerLayer\Scene\SceneController\SceneController.h" />
    <ClInclude Include="M\lowerLayer\Scene\SceneController\RunSpeedChanger\RunSpeedChanger.h" />
    <ClInclude Include="M\lowerLayer\Scene\SampleScene\SampleScene.h" />
    <ClInclude Include="M\lowerLayer\engineCore\Buffer\gpuResources\Data\ShaderBufferData\ShaderBufferData.h" />
    <ClInclude Include="M\lowerLayer\engineCore\Buffer\gpuResources\Creator\SrvCreator\ParticleMeshSrvCreator\ParticleMeshSrvCreator.h" />
    <ClInclude Include="M\lowerLayer\engineCore\Mesh\meshStructure\TransformMatrix\TransformMatrix.h" />
    <ClInclude Include="M\lowerLayer\engineCore\Buffer\constantBuffer\TransformMatrixBuffer\TransformMatrixBuffer.h" />
    <ClInclude Include="M\lowerLayer\engineCore\Buffer\gpuResources\Creator\SrvCreator\SrvCreatorBehavior.h" />
    <ClInclude Include="M\lowerLayer\engineCore\Buffer\gpuResources\Creator\SrvCreator\TextureSrCreator\TextureSrCreator.h" />
    <ClInclude Include="M\lowerLayer\engineCore\Buffer\gpuResources\Creator\SrvCreator\SrvCreator.h" />
    <ClInclude Include="M\lowerLayer\engineCore\Buffer\StructuredBuffer\StructuredBufferAndMap.h" />
    <ClInclude Include="M\lowerLayer\engineCore\Buffer\StructuredBuffer\TransformMatrixStructuredBuffer\TransformMatrixStructuredBuffer.h" />
    <ClInclude Include="M\lowerLayer\GameObject\Sample\SamplePlayer\SamplePlayer.h" />
    <ClInclude Include="M\lowerLayer\GameObject\Sample\SampleEnemy\SampleEnemy.h" />
    <ClInclude Include="M\lowerLayer\engineCore\Buffer\VertexBuffer\VertexBuffer.h" />
    <ClInclude Include="M\lowerLayer\Model\FromFile\SampleModel\SampleModel.h" />
    <ClInclude Include="M\lowerLayer\GameObject\Sample\SampleObj\SampleObj.h" />
    <ClInclude Include="M\lowerLayer\Model\FromFile\SampleModel2\SampleModel2.h" />
    <ClInclude Include="M\lowerLayer\engineCore\Light\PointLight\PointLight.h" />
    <ClInclude Include="M\lowerLayer\engineCore\Buffer\constantBuffer\PointLightBuffer\PointLightBuffer.h" />
    <ClInclude Include="M\lowerLayer\engineCore\Buffer\StructuredBuffer\PointLightStructuredBuffer\PointLightStructuredBuffer.h" />
    <ClInclude Include="M\lowerLayer\engineCore\Buffer\gpuResources\Creator\SrvCreator\StructuredBufferSrvCreator\StructuredBufferSrvCreator.h" />
    <ClInclude Include="M\lowerLayer\Collision\Shape\Rect.h" />
    <ClInclude Include="M\lowerLayer\Scene\SceneController\UglyGrid\UglyGrid.h" />
    <ClInclude Include="M\lowerLayer\MobilePrimitive\Sprite\Sprite.h" />
    <ClInclude Include="M\lowerLayer\engineCore\Buffer\PostEffectBuffer\PostEffectBuffer.h" />
    <ClInclude Include="M\lowerLayer\engineCore\Buffer\gpuResources\Creator\SrvCreator\PostEffectSrCreator\PostEffectSrCreator.h" />
    <ClInclude Include="M\lowerLayer\engineCore\Render\OffScreenManager\OffScreenManager.h" />
    <ClInclude Include="M\lowerLayer\engineCore\Render\OffScreenManager\PostEffects\PostEffects.h" />
    <ClInclude Include="M\lowerLayer\engineCore\Light\RectLight\RectLight.h" />
    <ClInclude Include="M\lowerLayer\engineCore\Buffer\StructuredBuffer\RectLightStructuredBuffer\RectLightStructuredBuffer.h" />
    <ClInclude Include="M\lowerLayer\engineCore\Render\Palette\Palette.h" />
    <ClInclude Include="M\lowerLayer\engineCore\Render\Palette\PostEffectType.h" />
    <ClInclude Include="M\lowerLayer\engineCore\Render\OriginalScreen\OriginalScreen.h" />
    <ClInclude Include="M\lowerLayer\engineCore\Buffer\constantBuffer\SimpleNeonLikeBuffer\SimpleNeonLikeBuffer.h" />
    <ClInclude Include="M\lowerLayer\engineCore\Buffer\constantBuffer\Time\TimeConstBuffer.h" />
    <ClInclude Include="M\lowerLayer\Scene\SceneController\SceneType.h" />
    <ClInclude Include="external\SoundCommon.h" />
    <ClInclude Include="external\xaudio_player_core.h" />
    <ClInclude Include="external\xaudio_player_mf.h" />
    <ClInclude Include="M\lowerLayer\Scene\ModelScene\ModelScene.h" />
    <ClInclude Include="M\lowerLayer\Scene\ModelScene\AAA\BlockModel.h" />
    <ClInclude Include="M\lowerLayer\Scene\ModelScene\AAA\AAA.h" />
    <ClInclude Include="M\lowerLayer\engineCore\Buffer\constantBuffer\EnviornmentBuffer\EnviornmentBuffer.h" />
    <ClInclude Include="M\lowerLayer\engineCore\Buffer\constantBuffer\GaussianBlurBuffer\GaussianBlurBuffer.h" />
    <ClInclude Include="M\lowerLayer\engineCore\Buffer\constantBuffer\CameraViewMat\CameraViewMat.h" />
    <ClInclude Include="M\lowerLayer\engineCore\TestMeshShader.h" />
    <ClInclude Include="external\d3dx12\d3dx12.h" />
    <ClInclude Include="external\d3dx12\d3dx12_barriers.h" />
    <ClInclude Include="external\d3dx12\d3dx12_check_feature_support.h" />
    <ClInclude Include="external\d3dx12\d3dx12_core.h" />
    <ClInclude Include="external\d3dx12\d3dx12_default.h" />
    <ClInclude Include="external\d3dx12\d3dx12_pipeline_state_stream.h" />
    <ClInclude Include="external\d3dx12\d3dx12_property_format_table.h" />
    <ClInclude Include="external\d3dx12\d3dx12_render_pass.h" />
    <ClInclude Include="external\d3dx12\d3dx12_resource_helpers.h" />
    <ClInclude Include="external\d3dx12\d3dx12_root_signature.h" />
    <ClInclude Include="external\d3dx12\d3dx12_state_object.h" />
    <ClInclude Include="M\lowerLayer\engineCore\Buffer\StructuredBuffer\IndexStructuredBuffer\IndexStructuredBuffer.h" />
    <ClInclude Include="M\lowerLayer\engineCore\Buffer\StructuredBuffer\VertexStructuredBuffer\VertexStructuredBuffer.h" />
    <ClInclude Include="M\lowerLayer\engineCore\Mesh\meshStructure\ModelData\ResMeshlet.h" />
    <ClInclude Include="external\MeshOptimizer\meshoptimizer.h" />
    <ClInclude Include="M\lowerLayer\engineCore\Buffer\StructuredBuffer\UniqueverdexIndexSBuffer\UniqueverdexIndexSBuffer.h" />
  </ItemGroup>
  <ItemGroup>
    <None Include="external\imgui\imgui.vcxproj" />
    <None Include="external\imgui\imgui.vcxproj.filters" />
    <None Include="packages.config" />
  </ItemGroup>
  <ItemGroup>
    <Text Include="external\imgui\LICENSE.txt" />
  </ItemGroup>
</Project>